// !$*UTF8*$!
{
	archiveVersion = 1;
	classes = {
	};
	objectVersion = 77;
	objects = {

/* Begin PBXContainerItemProxy section */
		CB9AF5C22E66DFC000BA0A7C /* PBXContainerItemProxy */ = {
			isa = PBXContainerItemProxy;
			containerPortal = CB9AF5AC2E66DFBE00BA0A7C /* Project object */;
			proxyType = 1;
			remoteGlobalIDString = CB9AF5B32E66DFBE00BA0A7C;
			remoteInfo = LeapChatApp;
		};
		CB9AF5CC2E66DFC000BA0A7C /* PBXContainerItemProxy */ = {
			isa = PBXContainerItemProxy;
			containerPortal = CB9AF5AC2E66DFBE00BA0A7C /* Project object */;
			proxyType = 1;
			remoteGlobalIDString = CB9AF5B32E66DFBE00BA0A7C;
			remoteInfo = LeapChatApp;
		};
/* End PBXContainerItemProxy section */

/* Begin PBXFileReference section */
		CB9AF5B42E66DFBE00BA0A7C /* LeapChatApp.app */ = {isa = PBXFileReference; explicitFileType = wrapper.application; includeInIndex = 0; path = LeapChatApp.app; sourceTree = BUILT_PRODUCTS_DIR; };
		CB9AF5C12E66DFC000BA0A7C /* LeapChatAppTests.xctest */ = {isa = PBXFileReference; explicitFileType = wrapper.cfbundle; includeInIndex = 0; path = LeapChatAppTests.xctest; sourceTree = BUILT_PRODUCTS_DIR; };
		CB9AF5CB2E66DFC000BA0A7C /* LeapChatAppUITests.xctest */ = {isa = PBXFileReference; explicitFileType = wrapper.cfbundle; includeInIndex = 0; path = LeapChatAppUITests.xctest; sourceTree = BUILT_PRODUCTS_DIR; };
/* End PBXFileReference section */

/* Begin PBXFileSystemSynchronizedRootGroup section */
		CB9AF5B62E66DFBE00BA0A7C /* LeapChatApp */ = {
			isa = PBXFileSystemSynchronizedRootGroup;
			path = LeapChatApp;
			sourceTree = "<group>";
		};
		CB9AF5C42E66DFC000BA0A7C /* LeapChatAppTests */ = {
			isa = PBXFileSystemSynchronizedRootGroup;
			path = LeapChatAppTests;
			sourceTree = "<group>";
		};
		CB9AF5CE2E66DFC000BA0A7C /* LeapChatAppUITests */ = {
			isa = PBXFileSystemSynchronizedRootGroup;
			path = LeapChatAppUITests;
			sourceTree = "<group>";
		};
/* End PBXFileSystemSynchronizedRootGroup section */

/* Begin PBXFrameworksBuildPhase section */
		CB9AF5B12E66DFBE00BA0A7C /* Frameworks */ = {
			isa = PBXFrameworksBuildPhase;
			buildActionMask = 2147483647;
			files = (
			);
			runOnlyForDeploymentPostprocessing = 0;
		};
		CB9AF5BE2E66DFC000BA0A7C /* Frameworks */ = {
			isa = PBXFrameworksBuildPhase;
			buildActionMask = 2147483647;
			files = (
			);
			runOnlyForDeploymentPostprocessing = 0;
		};
		CB9AF5C82E66DFC000BA0A7C /* Frameworks */ = {
			isa = PBXFrameworksBuildPhase;
			buildActionMask = 2147483647;
			files = (
			);
			runOnlyForDeploymentPostprocessing = 0;
		};
/* End PBXFrameworksBuildPhase section */

/* Begin PBXGroup section */
		CB9AF5AB2E66DFBE00BA0A7C = {
			isa = PBXGroup;
			children = (
				CB9AF5B62E66DFBE00BA0A7C /* LeapChatApp */,
				CB9AF5C42E66DFC000BA0A7C /* LeapChatAppTests */,
				CB9AF5CE2E66DFC000BA0A7C /* LeapChatAppUITests */,
				CB9AF5B52E66DFBE00BA0A7C /* Products */,
			);
			sourceTree = "<group>";
		};
		CB9AF5B52E66DFBE00BA0A7C /* Products */ = {
			isa = PBXGroup;
			children = (
				CB9AF5B42E66DFBE00BA0A7C /* LeapChatApp.app */,
				CB9AF5C12E66DFC000BA0A7C /* LeapChatAppTests.xctest */,
				CB9AF5CB2E66DFC000BA0A7C /* LeapChatAppUITests.xctest */,
			);
			name = Products;
			sourceTree = "<group>";
		};
/* End PBXGroup section */

/* Begin PBXNativeTarget section */
		CB9AF5B32E66DFBE00BA0A7C /* LeapChatApp */ = {
			isa = PBXNativeTarget;
			buildConfigurationList = CB9AF5D52E66DFC000BA0A7C /* Build configuration list for PBXNativeTarget "LeapChatApp" */;
			buildPhases = (
				CB9AF5B02E66DFBE00BA0A7C /* Sources */,
				CB9AF5B12E66DFBE00BA0A7C /* Frameworks */,
				CB9AF5B22E66DFBE00BA0A7C /* Resources */,
			);
			buildRules = (
			);
			dependencies = (
			);
			fileSystemSynchronizedGroups = (
				CB9AF5B62E66DFBE00BA0A7C /* LeapChatApp */,
			);
			name = LeapChatApp;
			packageProductDependencies = (
			);
			productName = LeapChatApp;
			productReference = CB9AF5B42E66DFBE00BA0A7C /* LeapChatApp.app */;
			productType = "com.apple.product-type.application";
		};
		CB9AF5C02E66DFC000BA0A7C /* LeapChatAppTests */ = {
			isa = PBXNativeTarget;
			buildConfigurationList = CB9AF5D82E66DFC000BA0A7C /* Build configuration list for PBXNativeTarget "LeapChatAppTests" */;
			buildPhases = (
				CB9AF5BD2E66DFC000BA0A7C /* Sources */,
				CB9AF5BE2E66DFC000BA0A7C /* Frameworks */,
				CB9AF5BF2E66DFC000BA0A7C /* Resources */,
			);
			buildRules = (
			);
			dependencies = (
				CB9AF5C32E66DFC000BA0A7C /* PBXTargetDependency */,
			);
			fileSystemSynchronizedGroups = (
				CB9AF5C42E66DFC000BA0A7C /* LeapChatAppTests */,
			);
			name = LeapChatAppTests;
			packageProductDependencies = (
			);
			productName = LeapChatAppTests;
			productReference = CB9AF5C12E66DFC000BA0A7C /* LeapChatAppTests.xctest */;
			productType = "com.apple.product-type.bundle.unit-test";
		};
		CB9AF5CA2E66DFC000BA0A7C /* LeapChatAppUITests */ = {
			isa = PBXNativeTarget;
			buildConfigurationList = CB9AF5DB2E66DFC000BA0A7C /* Build configuration list for PBXNativeTarget "LeapChatAppUITests" */;
			buildPhases = (
				CB9AF5C72E66DFC000BA0A7C /* Sources */,
				CB9AF5C82E66DFC000BA0A7C /* Frameworks */,
				CB9AF5C92E66DFC000BA0A7C /* Resources */,
			);
			buildRules = (
			);
			dependencies = (
				CB9AF5CD2E66DFC000BA0A7C /* PBXTargetDependency */,
			);
			fileSystemSynchronizedGroups = (
				CB9AF5CE2E66DFC000BA0A7C /* LeapChatAppUITests */,
			);
			name = LeapChatAppUITests;
			packageProductDependencies = (
			);
			productName = LeapChatAppUITests;
			productReference = CB9AF5CB2E66DFC000BA0A7C /* LeapChatAppUITests.xctest */;
			productType = "com.apple.product-type.bundle.ui-testing";
		};
/* End PBXNativeTarget section */

/* Begin PBXProject section */
		CB9AF5AC2E66DFBE00BA0A7C /* Project object */ = {
			isa = PBXProject;
			attributes = {
				BuildIndependentTargetsInParallel = 1;
				LastSwiftUpdateCheck = 1640;
				LastUpgradeCheck = 1640;
				TargetAttributes = {
					CB9AF5B32E66DFBE00BA0A7C = {
						CreatedOnToolsVersion = 16.4;
					};
					CB9AF5C02E66DFC000BA0A7C = {
						CreatedOnToolsVersion = 16.4;
						TestTargetID = CB9AF5B32E66DFBE00BA0A7C;
					};
					CB9AF5CA2E66DFC000BA0A7C = {
						CreatedOnToolsVersion = 16.4;
						TestTargetID = CB9AF5B32E66DFBE00BA0A7C;
					};
				};
			};
			buildConfigurationList = CB9AF5AF2E66DFBE00BA0A7C /* Build configuration list for PBXProject "LeapChatApp" */;
			developmentRegion = en;
			hasScannedForEncodings = 0;
			knownRegions = (
				en,
				Base,
			);
			mainGroup = CB9AF5AB2E66DFBE00BA0A7C;
			minimizedProjectReferenceProxies = 1;
			preferredProjectObjectVersion = 77;
			productRefGroup = CB9AF5B52E66DFBE00BA0A7C /* Products */;
			projectDirPath = "";
			projectRoot = "";
			targets = (
				CB9AF5B32E66DFBE00BA0A7C /* LeapChatApp */,
				CB9AF5C02E66DFC000BA0A7C /* LeapChatAppTests */,
				CB9AF5CA2E66DFC000BA0A7C /* LeapChatAppUITests */,
			);
		};
/* End PBXProject section */

/* Begin PBXResourcesBuildPhase section */
		CB9AF5B22E66DFBE00BA0A7C /* Resources */ = {
			isa = PBXResourcesBuildPhase;
			buildActionMask = 2147483647;
			files = (
			);
			runOnlyForDeploymentPostprocessing = 0;
		};
		CB9AF5BF2E66DFC000BA0A7C /* Resources */ = {
			isa = PBXResourcesBuildPhase;
			buildActionMask = 2147483647;
			files = (
			);
			runOnlyForDeploymentPostprocessing = 0;
		};
		CB9AF5C92E66DFC000BA0A7C /* Resources */ = {
			isa = PBXResourcesBuildPhase;
			buildActionMask = 2147483647;
			files = (
			);
			runOnlyForDeploymentPostprocessing = 0;
		};
/* End PBXResourcesBuildPhase section */

/* Begin PBXSourcesBuildPhase section */
		CB9AF5B02E66DFBE00BA0A7C /* Sources */ = {
			isa = PBXSourcesBuildPhase;
			buildActionMask = 2147483647;
			files = (
			);
			runOnlyForDeploymentPostprocessing = 0;
		};
		CB9AF5BD2E66DFC000BA0A7C /* Sources */ = {
			isa = PBXSourcesBuildPhase;
			buildActionMask = 2147483647;
			files = (
			);
			runOnlyForDeploymentPostprocessing = 0;
		};
		CB9AF5C72E66DFC000BA0A7C /* Sources */ = {
			isa = PBXSourcesBuildPhase;
			buildActionMask = 2147483647;
			files = (
			);
			runOnlyForDeploymentPostprocessing = 0;
		};
/* End PBXSourcesBuildPhase section */

/* Begin PBXTargetDependency section */
		CB9AF5C32E66DFC000BA0A7C /* PBXTargetDependency */ = {
			isa = PBXTargetDependency;
			target = CB9AF5B32E66DFBE00BA0A7C /* LeapChatApp */;
			targetProxy = CB9AF5C22E66DFC000BA0A7C /* PBXContainerItemProxy */;
		};
		CB9AF5CD2E66DFC000BA0A7C /* PBXTargetDependency */ = {
			isa = PBXTargetDependency;
			target = CB9AF5B32E66DFBE00BA0A7C /* LeapChatApp */;
			targetProxy = CB9AF5CC2E66DFC000BA0A7C /* PBXContainerItemProxy */;
		};
/* End PBXTargetDependency section */

/* Begin XCBuildConfiguration section */
		CB9AF5D32E66DFC000BA0A7C /* Debug */ = {
			isa = XCBuildConfiguration;
			buildSettings = {
				ALWAYS_SEARCH_USER_PATHS = NO;
				ASSETCATALOG_COMPILER_GENERATE_SWIFT_ASSET_SYMBOL_EXTENSIONS = YES;
				CLANG_ANALYZER_NONNULL = YES;
				CLANG_ANALYZER_NUMBER_OBJECT_CONVERSION = YES_AGGRESSIVE;
				CLANG_CXX_LANGUAGE_STANDARD = "gnu++20";
				CLANG_ENABLE_MODULES = YES;
				CLANG_ENABLE_OBJC_ARC = YES;
				CLANG_ENABLE_OBJC_WEAK = YES;
				CLANG_WARN_BLOCK_CAPTURE_AUTORELEASING = YES;
				CLANG_WARN_BOOL_CONVERSION = YES;
				CLANG_WARN_COMMA = YES;
				CLANG_WARN_CONSTANT_CONVERSION = YES;
				CLANG_WARN_DEPRECATED_OBJC_IMPLEMENTATIONS = YES;
				CLANG_WARN_DIRECT_OBJC_ISA_USAGE = YES_ERROR;
				CLANG_WARN_DOCUMENTATION_COMMENTS = YES;
				CLANG_WARN_EMPTY_BODY = YES;
				CLANG_WARN_ENUM_CONVERSION = YES;
				CLANG_WARN_INFINITE_RECURSION = YES;
				CLANG_WARN_INT_CONVERSION = YES;
				CLANG_WARN_NON_LITERAL_NULL_CONVERSION = YES;
				CLANG_WARN_OBJC_IMPLICIT_RETAIN_SELF = YES;
				CLANG_WARN_OBJC_LITERAL_CONVERSION = YES;
				CLANG_WARN_OBJC_ROOT_CLASS = YES_ERROR;
				CLANG_WARN_QUOTED_INCLUDE_IN_FRAMEWORK_HEADER = YES;
				CLANG_WARN_RANGE_LOOP_ANALYSIS = YES;
				CLANG_WARN_STRICT_PROTOTYPES = YES;
				CLANG_WARN_SUSPICIOUS_MOVE = YES;
				CLANG_WARN_UNGUARDED_AVAILABILITY = YES_AGGRESSIVE;
				CLANG_WARN_UNREACHABLE_CODE = YES;
				CLANG_WARN__DUPLICATE_METHOD_MATCH = YES;
				COPY_PHASE_STRIP = NO;
				DEBUG_INFORMATION_FORMAT = dwarf;
				ENABLE_STRICT_OBJC_MSGSEND = YES;
				ENABLE_TESTABILITY = YES;
				ENABLE_USER_SCRIPT_SANDBOXING = YES;
				GCC_C_LANGUAGE_STANDARD = gnu17;
				GCC_DYNAMIC_NO_PIC = NO;
				GCC_NO_COMMON_BLOCKS = YES;
				GCC_OPTIMIZATION_LEVEL = 0;
				GCC_PREPROCESSOR_DEFINITIONS = (
					"DEBUG=1",
					"$(inherited)",
				);
				GCC_WARN_64_TO_32_BIT_CONVERSION = YES;
				GCC_WARN_ABOUT_RETURN_TYPE = YES_ERROR;
				GCC_WARN_UNDECLARED_SELECTOR = YES;
				GCC_WARN_UNINITIALIZED_AUTOS = YES_AGGRESSIVE;
				GCC_WARN_UNUSED_FUNCTION = YES;
				GCC_WARN_UNUSED_VARIABLE = YES;
				IPHONEOS_DEPLOYMENT_TARGET = 18.5;
				LOCALIZATION_PREFERS_STRING_CATALOGS = YES;
				MTL_ENABLE_DEBUG_INFO = INCLUDE_SOURCE;
				MTL_FAST_MATH = YES;
				ONLY_ACTIVE_ARCH = YES;
				SDKROOT = iphoneos;
				SWIFT_ACTIVE_COMPILATION_CONDITIONS = "DEBUG $(inherited)";
				SWIFT_OPTIMIZATION_LEVEL = "-Onone";
			};
			name = Debug;
		};
		CB9AF5D42E66DFC000BA0A7C /* Release */ = {
			isa = XCBuildConfiguration;
			buildSettings = {
				ALWAYS_SEARCH_USER_PATHS = NO;
				ASSETCATALOG_COMPILER_GENERATE_SWIFT_ASSET_SYMBOL_EXTENSIONS = YES;
				CLANG_ANALYZER_NONNULL = YES;
				CLANG_ANALYZER_NUMBER_OBJECT_CONVERSION = YES_AGGRESSIVE;
				CLANG_CXX_LANGUAGE_STANDARD = "gnu++20";
				CLANG_ENABLE_MODULES = YES;
				CLANG_ENABLE_OBJC_ARC = YES;
				CLANG_ENABLE_OBJC_WEAK = YES;
				CLANG_WARN_BLOCK_CAPTURE_AUTORELEASING = YES;
				CLANG_WARN_BOOL_CONVERSION = YES;
				CLANG_WARN_COMMA = YES;
				CLANG_WARN_CONSTANT_CONVERSION = YES;
				CLANG_WARN_DEPRECATED_OBJC_IMPLEMENTATIONS = YES;
				CLANG_WARN_DIRECT_OBJC_ISA_USAGE = YES_ERROR;
				CLANG_WARN_DOCUMENTATION_COMMENTS = YES;
				CLANG_WARN_EMPTY_BODY = YES;
				CLANG_WARN_ENUM_CONVERSION = YES;
				CLANG_WARN_INFINITE_RECURSION = YES;
				CLANG_WARN_INT_CONVERSION = YES;
				CLANG_WARN_NON_LITERAL_NULL_CONVERSION = YES;
				CLANG_WARN_OBJC_IMPLICIT_RETAIN_SELF = YES;
				CLANG_WARN_OBJC_LITERAL_CONVERSION = YES;
				CLANG_WARN_OBJC_ROOT_CLASS = YES_ERROR;
				CLANG_WARN_QUOTED_INCLUDE_IN_FRAMEWORK_HEADER = YES;
				CLANG_WARN_RANGE_LOOP_ANALYSIS = YES;
				CLANG_WARN_STRICT_PROTOTYPES = YES;
				CLANG_WARN_SUSPICIOUS_MOVE = YES;
				CLANG_WARN_UNGUARDED_AVAILABILITY = YES_AGGRESSIVE;
				CLANG_WARN_UNREACHABLE_CODE = YES;
				CLANG_WARN__DUPLICATE_METHOD_MATCH = YES;
				COPY_PHASE_STRIP = NO;
				DEBUG_INFORMATION_FORMAT = "dwarf-with-dsym";
				ENABLE_NS_ASSERTIONS = NO;
				ENABLE_STRICT_OBJC_MSGSEND = YES;
				ENABLE_USER_SCRIPT_SANDBOXING = YES;
				GCC_C_LANGUAGE_STANDARD = gnu17;
				GCC_NO_COMMON_BLOCKS = YES;
				GCC_WARN_64_TO_32_BIT_CONVERSION = YES;
				GCC_WARN_ABOUT_RETURN_TYPE = YES_ERROR;
				GCC_WARN_UNDECLARED_SELECTOR = YES;
				GCC_WARN_UNINITIALIZED_AUTOS = YES_AGGRESSIVE;
				GCC_WARN_UNUSED_FUNCTION = YES;
				GCC_WARN_UNUSED_VARIABLE = YES;
				IPHONEOS_DEPLOYMENT_TARGET = 18.5;
				LOCALIZATION_PREFERS_STRING_CATALOGS = YES;
				MTL_ENABLE_DEBUG_INFO = NO;
				MTL_FAST_MATH = YES;
				SDKROOT = iphoneos;
				SWIFT_COMPILATION_MODE = wholemodule;
				VALIDATE_PRODUCT = YES;
			};
			name = Release;
		};
		CB9AF5D62E66DFC000BA0A7C /* Debug */ = {
			isa = XCBuildConfiguration;
			buildSettings = {
				ASSETCATALOG_COMPILER_APPICON_NAME = AppIcon;
				ASSETCATALOG_COMPILER_GLOBAL_ACCENT_COLOR_NAME = AccentColor;
				CODE_SIGN_STYLE = Automatic;
				CURRENT_PROJECT_VERSION = 1;
				ENABLE_PREVIEWS = YES;
				GENERATE_INFOPLIST_FILE = YES;
				INFOPLIST_KEY_UIApplicationSceneManifest_Generation = YES;
				INFOPLIST_KEY_UIApplicationSupportsIndirectInputEvents = YES;
				INFOPLIST_KEY_UILaunchScreen_Generation = YES;
				INFOPLIST_KEY_UISupportedInterfaceOrientations_iPad = "UIInterfaceOrientationPortrait UIInterfaceOrientationPortraitUpsideDown UIInterfaceOrientationLandscapeLeft UIInterfaceOrientationLandscapeRight";
				INFOPLIST_KEY_UISupportedInterfaceOrientations_iPhone = "UIInterfaceOrientationPortrait UIInterfaceOrientationLandscapeLeft UIInterfaceOrientationLandscapeRight";
				LD_RUNPATH_SEARCH_PATHS = (
					"$(inherited)",
					"@executable_path/Frameworks",
				);
				MARKETING_VERSION = 1.0;
				PRODUCT_BUNDLE_IDENTIFIER = name.paulabartabajo.LeapChatApp;
				PRODUCT_NAME = "$(TARGET_NAME)";
				SWIFT_EMIT_LOC_STRINGS = YES;
				SWIFT_VERSION = 5.0;
				TARGETED_DEVICE_FAMILY = "1,2";
			};
			name = Debug;
		};
		CB9AF5D72E66DFC000BA0A7C /* Release */ = {
			isa = XCBuildConfiguration;
			buildSettings = {
				ASSETCATALOG_COMPILER_APPICON_NAME = AppIcon;
				ASSETCATALOG_COMPILER_GLOBAL_ACCENT_COLOR_NAME = AccentColor;
				CODE_SIGN_STYLE = Automatic;
				CURRENT_PROJECT_VERSION = 1;
				ENABLE_PREVIEWS = YES;
				GENERATE_INFOPLIST_FILE = YES;
				INFOPLIST_KEY_UIApplicationSceneManifest_Generation = YES;
				INFOPLIST_KEY_UIApplicationSupportsIndirectInputEvents = YES;
				INFOPLIST_KEY_UILaunchScreen_Generation = YES;
				INFOPLIST_KEY_UISupportedInterfaceOrientations_iPad = "UIInterfaceOrientationPortrait UIInterfaceOrientationPortraitUpsideDown UIInterfaceOrientationLandscapeLeft UIInterfaceOrientationLandscapeRight";
				INFOPLIST_KEY_UISupportedInterfaceOrientations_iPhone = "UIInterfaceOrientationPortrait UIInterfaceOrientationLandscapeLeft UIInterfaceOrientationLandscapeRight";
				LD_RUNPATH_SEARCH_PATHS = (
					"$(inherited)",
					"@executable_path/Frameworks",
				);
				MARKETING_VERSION = 1.0;
				PRODUCT_BUNDLE_IDENTIFIER = name.paulabartabajo.LeapChatApp;
				PRODUCT_NAME = "$(TARGET_NAME)";
				SWIFT_EMIT_LOC_STRINGS = YES;
				SWIFT_VERSION = 5.0;
				TARGETED_DEVICE_FAMILY = "1,2";
			};
			name = Release;
		};
		CB9AF5D92E66DFC000BA0A7C /* Debug */ = {
			isa = XCBuildConfiguration;
			buildSettings = {
				BUNDLE_LOADER = "$(TEST_HOST)";
				CODE_SIGN_STYLE = Automatic;
				CURRENT_PROJECT_VERSION = 1;
				GENERATE_INFOPLIST_FILE = YES;
				IPHONEOS_DEPLOYMENT_TARGET = 18.5;
				MARKETING_VERSION = 1.0;
				PRODUCT_BUNDLE_IDENTIFIER = name.paulabartabajo.LeapChatAppTests;
				PRODUCT_NAME = "$(TARGET_NAME)";
				SWIFT_EMIT_LOC_STRINGS = NO;
				SWIFT_VERSION = 5.0;
				TARGETED_DEVICE_FAMILY = "1,2";
				TEST_HOST = "$(BUILT_PRODUCTS_DIR)/LeapChatApp.app/$(BUNDLE_EXECUTABLE_FOLDER_PATH)/LeapChatApp";
			};
			name = Debug;
		};
		CB9AF5DA2E66DFC000BA0A7C /* Release */ = {
			isa = XCBuildConfiguration;
			buildSettings = {
				BUNDLE_LOADER = "$(TEST_HOST)";
				CODE_SIGN_STYLE = Automatic;
				CURRENT_PROJECT_VERSION = 1;
				GENERATE_INFOPLIST_FILE = YES;
				IPHONEOS_DEPLOYMENT_TARGET = 18.5;
				MARKETING_VERSION = 1.0;
				PRODUCT_BUNDLE_IDENTIFIER = name.paulabartabajo.LeapChatAppTests;
				PRODUCT_NAME = "$(TARGET_NAME)";
				SWIFT_EMIT_LOC_STRINGS = NO;
				SWIFT_VERSION = 5.0;
				TARGETED_DEVICE_FAMILY = "1,2";
				TEST_HOST = "$(BUILT_PRODUCTS_DIR)/LeapChatApp.app/$(BUNDLE_EXECUTABLE_FOLDER_PATH)/LeapChatApp";
			};
			name = Release;
		};
		CB9AF5DC2E66DFC000BA0A7C /* Debug */ = {
			isa = XCBuildConfiguration;
			buildSettings = {
				CODE_SIGN_STYLE = Automatic;
				CURRENT_PROJECT_VERSION = 1;
				GENERATE_INFOPLIST_FILE = YES;
				MARKETING_VERSION = 1.0;
				PRODUCT_BUNDLE_IDENTIFIER = name.paulabartabajo.LeapChatAppUITests;
				PRODUCT_NAME = "$(TARGET_NAME)";
				SWIFT_EMIT_LOC_STRINGS = NO;
				SWIFT_VERSION = 5.0;
				TARGETED_DEVICE_FAMILY = "1,2";
				TEST_TARGET_NAME = LeapChatApp;
			};
			name = Debug;
		};
		CB9AF5DD2E66DFC000BA0A7C /* Release */ = {
			isa = XCBuildConfiguration;
			buildSettings = {
				CODE_SIGN_STYLE = Automatic;
				CURRENT_PROJECT_VERSION = 1;
				GENERATE_INFOPLIST_FILE = YES;
				MARKETING_VERSION = 1.0;
				PRODUCT_BUNDLE_IDENTIFIER = name.paulabartabajo.LeapChatAppUITests;
				PRODUCT_NAME = "$(TARGET_NAME)";
				SWIFT_EMIT_LOC_STRINGS = NO;
				SWIFT_VERSION = 5.0;
				TARGETED_DEVICE_FAMILY = "1,2";
				TEST_TARGET_NAME = LeapChatApp;
			};
			name = Release;
		};
/* End XCBuildConfiguration section */

/* Begin XCConfigurationList section */
		CB9AF5AF2E66DFBE00BA0A7C /* Build configuration list for PBXProject "LeapChatApp" */ = {
			isa = XCConfigurationList;
			buildConfigurations = (
				CB9AF5D32E66DFC000BA0A7C /* Debug */,
				CB9AF5D42E66DFC000BA0A7C /* Release */,
			);
			defaultConfigurationIsVisible = 0;
			defaultConfigurationName = Release;
		};
		CB9AF5D52E66DFC000BA0A7C /* Build configuration list for PBXNativeTarget "LeapChatApp" */ = {
			isa = XCConfigurationList;
			buildConfigurations = (
				CB9AF5D62E66DFC000BA0A7C /* Debug */,
				CB9AF5D72E66DFC000BA0A7C /* Release */,
			);
			defaultConfigurationIsVisible = 0;
			defaultConfigurationName = Release;
		};
		CB9AF5D82E66DFC000BA0A7C /* Build configuration list for PBXNativeTarget "LeapChatAppTests" */ = {
			isa = XCConfigurationList;
			buildConfigurations = (
				CB9AF5D92E66DFC000BA0A7C /* Debug */,
				CB9AF5DA2E66DFC000BA0A7C /* Release */,
			);
			defaultConfigurationIsVisible = 0;
			defaultConfigurationName = Release;
		};
		CB9AF5DB2E66DFC000BA0A7C /* Build configuration list for PBXNativeTarget "LeapChatAppUITests" */ = {
			isa = XCConfigurationList;
			buildConfigurations = (
				CB9AF5DC2E66DFC000BA0A7C /* Debug */,
				CB9AF5DD2E66DFC000BA0A7C /* Release */,
			);
			defaultConfigurationIsVisible = 0;
			defaultConfigurationName = Release;
		};
/* End XCConfigurationList section */
	};
	rootObject = CB9AF5AC2E66DFBE00BA0A7C /* Project object */;
}
